{
	"name": "@zyf2e/monitor-shared",
	"version": "3.0.0-beta.0",
	"lockfileVersion": 1,
	"requires": true,
	"dependencies": {
		"@rollup/plugin-replace": {
			"version": "3.0.0",
			"resolved": "https://registry.npmmirror.com/@rollup/plugin-replace/download/@rollup/plugin-replace-3.0.0.tgz",
			"integrity": "sha1-OkyWZdTnpM4sNgzwISMnhIkvP6w=",
			"dev": true,
			"requires": {
				"@rollup/pluginutils": "^3.1.0",
				"magic-string": "^0.25.7"
			}
		},
		"@rollup/pluginutils": {
			"version": "3.1.0",
			"resolved": "https://registry.npmmirror.com/@rollup/pluginutils/download/@rollup/pluginutils-3.1.0.tgz",
			"integrity": "sha1-cGtFJO5tyLEDs8mVUz5a1oDAK5s=",
			"dev": true,
			"requires": {
				"@types/estree": "0.0.39",
				"estree-walker": "^1.0.1",
				"picomatch": "^2.2.2"
			}
		},
		"@types/estree": {
			"version": "0.0.39",
			"resolved": "https://registry.npmmirror.com/@types/estree/download/@types/estree-0.0.39.tgz",
			"integrity": "sha1-4Xfmme4bjCLSMXTKqnQiZEOJUJ8=",
			"dev": true
		},
		"estree-walker": {
			"version": "1.0.1",
			"resolved": "https://registry.npmmirror.com/estree-walker/download/estree-walker-1.0.1.tgz",
			"integrity": "sha1-MbxdYSyWtwQQa0d+bdXYqhOMtwA=",
			"dev": true
		},
		"magic-string": {
			"version": "0.25.7",
			"resolved": "https://registry.npmmirror.com/magic-string/download/magic-string-0.25.7.tgz",
			"integrity": "sha1-P0l9b9NMZpxnmNy4IfLvMfVEUFE=",
			"dev": true,
			"requires": {
				"sourcemap-codec": "^1.4.4"
			}
		},
		"picomatch": {
			"version": "2.3.0",
			"resolved": "https://registry.npmmirror.com/picomatch/download/picomatch-2.3.0.tgz",
			"integrity": "sha1-8fBh3o9qS/AiiS4tEoI0+5gwKXI=",
			"dev": true
		},
		"sourcemap-codec": {
			"version": "1.4.8",
			"resolved": "https://registry.npmmirror.com/sourcemap-codec/download/sourcemap-codec-1.4.8.tgz",
			"integrity": "sha1-6oBL2UhXQC5pktBaOO8a41qatMQ=",
			"dev": true
		}
	}
}
