{
	"name": "@zyf2e/monitor-web",
	"version": "2.1.45",
	"lockfileVersion": 1,
	"requires": true,
	"dependencies": {
		"@zyf2e/monitor-browser": {
			"version": "2.1.45",
			"resolved": "https://registry.npmjs.org/@zyf2e/monitor-browser/-/monitor-browser-2.1.45.tgz",
			"integrity": "sha512-mI4C44e+yS1ubVT/h7wqRqma1l53DnHrXP9mvJJQrWNIBCDF+GyEA89wvg0iOWfHWljaPsImAT431QtiwjhPHA==",
			"requires": {
				"@zyf2e/monitor-core": "2.1.45",
				"@zyf2e/monitor-shared": "2.1.45",
				"@zyf2e/monitor-types": "2.1.45",
				"@zyf2e/monitor-utils": "2.1.45"
			}
		},
		"@zyf2e/monitor-core": {
			"version": "2.1.45",
			"resolved": "https://registry.npmjs.org/@zyf2e/monitor-core/-/monitor-core-2.1.45.tgz",
			"integrity": "sha512-MQhA5TN+8HBUtfdL9CO3JW3HFNKSl0gSmwAORiGYnlmSpmSNYoGG7mWRMa00d1fu7dv32xR1WTWSqMPxyabhyA==",
			"requires": {
				"@zyf2e/monitor-core": "2.1.45",
				"@zyf2e/monitor-shared": "2.1.45",
				"@zyf2e/monitor-types": "2.1.45",
				"@zyf2e/monitor-utils": "2.1.45"
			}
		},
		"@zyf2e/monitor-react": {
			"version": "2.1.45",
			"resolved": "https://registry.npmjs.org/@zyf2e/monitor-react/-/monitor-react-2.1.45.tgz",
			"integrity": "sha512-sN/vntK67RqYrKF/LQz5NuSoc/H1ipOA1vKa0vIQe83abP9odZDJob63BuiS73o46hChePT+7NgKte4XpbhQkA==",
			"requires": {
				"@zyf2e/monitor-core": "2.1.45",
				"@zyf2e/monitor-shared": "2.1.45",
				"@zyf2e/monitor-utils": "2.1.45"
			}
		},
		"@zyf2e/monitor-shared": {
			"version": "2.1.45",
			"resolved": "https://registry.npmjs.org/@zyf2e/monitor-shared/-/monitor-shared-2.1.45.tgz",
			"integrity": "sha512-TRLhVuiiDAbKgZ9biRJN8ayxJVD06x/3wwqhPvHBsP7bF1qbKZ9uenxVpu9GK3c2aM/qJ/wMTYVWuCGuy12f3w=="
		},
		"@zyf2e/monitor-types": {
			"version": "2.1.45",
			"resolved": "https://registry.npmjs.org/@zyf2e/monitor-types/-/monitor-types-2.1.45.tgz",
			"integrity": "sha512-WuDjT7b8Ec24+5WORVtuHtEe8Mp3CA+ltCItvTjMeIuneTYV9RGnWRze9EO6d7W3FOGOCcPMskYPN8BXOJJ63g==",
			"requires": {
				"@zyf2e/monitor-browser": "2.1.45",
				"@zyf2e/monitor-core": "2.1.45",
				"@zyf2e/monitor-shared": "2.1.45",
				"@zyf2e/monitor-utils": "2.1.45"
			}
		},
		"@zyf2e/monitor-utils": {
			"version": "2.1.45",
			"resolved": "https://registry.npmjs.org/@zyf2e/monitor-utils/-/monitor-utils-2.1.45.tgz",
			"integrity": "sha512-+UHkrwNapA9oIkmjpnrliqxWgWIKQCR6iFPU91wECBbvBqgyvjIBkSWhvDhHPng8aI2bh8qnl3o7HIT2mLz4DA==",
			"requires": {
				"@zyf2e/monitor-browser": "2.1.45",
				"@zyf2e/monitor-core": "2.1.45",
				"@zyf2e/monitor-shared": "2.1.45",
				"@zyf2e/monitor-types": "2.1.45"
			}
		},
		"@zyf2e/monitor-vue": {
			"version": "2.1.45",
			"resolved": "https://registry.npmjs.org/@zyf2e/monitor-vue/-/monitor-vue-2.1.45.tgz",
			"integrity": "sha512-WIMwZHP7tqYbkOdXzKaBPaZvAM6ZTSFYl+sFo/rG7MPkSjw5/7qB8hMbZSeQyB3/ZgOQHZYaeyf5yG/FKsxR4Q==",
			"requires": {
				"@zyf2e/monitor-core": "2.1.45",
				"@zyf2e/monitor-shared": "2.1.45",
				"@zyf2e/monitor-types": "2.1.45",
				"@zyf2e/monitor-utils": "2.1.45"
			}
		}
	}
}
