{
	"name": "@zyf2e/monitor-wx-mini",
	"version": "3.0.0-beta.0",
	"lockfileVersion": 1,
	"requires": true,
	"dependencies": {
		"@types/wechat-miniprogram": {
			"version": "3.4.0",
			"resolved": "https://registry.npmmirror.com/@types/wechat-miniprogram/download/@types/wechat-miniprogram-3.4.0.tgz",
			"integrity": "sha1-10PVs8F71THCwXjqH+nZKgsjvNA="
		}
	}
}
