{
	"name": "@zyf2e/monitor-web-performance",
	"version": "3.0.0-beta.0",
	"lockfileVersion": 1,
	"requires": true,
	"dependencies": {
		"core-js": {
			"version": "3.19.3",
			"resolved": "https://registry.npmmirror.com/core-js/download/core-js-3.19.3.tgz",
			"integrity": "sha512-LeLBMgEGSsG7giquSzvgBrTS7V5UL6ks3eQlUSbN8dJStlLFiRzUm5iqsRyzUB8carhfKjkJ2vzKqE6z1Vga9g=="
		}
	}
}
